
Microsoft Visual Studio Solution File, Format Version 12.00
# Visual Studio Version 17
VisualStudioVersion = 17.5.002.0
MinimumVisualStudioVersion = 10.0.40219.1
Project("{9A19103F-16F7-4668-BE54-9A1E7A4F7556}") = "Devolutions.IronRdp.AvaloniaExample", "Devolutions.IronRdp.AvaloniaExample.csproj", "{B374556F-70F4-4B70-90AE-6DF00C532240}"
EndProject
Global
	GlobalSection(SolutionConfigurationPlatforms) = preSolution
		Debug|Any CPU = Debug|Any CPU
		Release|Any CPU = Release|Any CPU
	EndGlobalSection
	GlobalSection(ProjectConfigurationPlatforms) = postSolution
		{B374556F-70F4-4B70-90AE-6DF00C532240}.Debug|Any CPU.ActiveCfg = Debug|Any CPU
		{B374556F-70F4-4B70-90AE-6DF00C532240}.Debug|Any CPU.Build.0 = Debug|Any CPU
		{B374556F-70F4-4B70-90AE-6DF00C532240}.Release|Any CPU.ActiveCfg = Release|Any CPU
		{B374556F-70F4-4B70-90AE-6DF00C532240}.Release|Any CPU.Build.0 = Release|Any CPU
	EndGlobalSection
	GlobalSection(SolutionProperties) = preSolution
		HideSolutionNode = FALSE
	EndGlobalSection
	GlobalSection(ExtensibilityGlobals) = postSolution
		SolutionGuid = {1DD5DE59-5AB4-4F5F-A2AC-CA4D7012F56E}
	EndGlobalSection
EndGlobal
